
Microsoft Visual Studio Solution File, Format Version 12.00
# Visual Studio Version 16
VisualStudioVersion = 16.0.32228.343
MinimumVisualStudioVersion = 10.0.40219.1
Project("{FAE04EC0-301F-11D3-BF4B-00C04F79EFBC}") = "ProjectRecipes", "ProjectRecipes\ProjectRecipes.csproj", "{5B063614-6CC3-4627-A08C-41F82A93C3D8}"
EndProject
Global
	GlobalSection(SolutionConfigurationPlatforms) = preSolution
		Debug|Any CPU = Debug|Any CPU
		Release|Any CPU = Release|Any CPU
	EndGlobalSection
	GlobalSection(ProjectConfigurationPlatforms) = postSolution
		{5B063614-6CC3-4627-A08C-41F82A93C3D8}.Debug|Any CPU.ActiveCfg = Debug|Any CPU
		{5B063614-6CC3-4627-A08C-41F82A93C3D8}.Debug|Any CPU.Build.0 = Debug|Any CPU
		{5B063614-6CC3-4627-A08C-41F82A93C3D8}.Release|Any CPU.ActiveCfg = Release|Any CPU
		{5B063614-6CC3-4627-A08C-41F82A93C3D8}.Release|Any CPU.Build.0 = Release|Any CPU
	EndGlobalSection
	GlobalSection(SolutionProperties) = preSolution
		HideSolutionNode = FALSE
	EndGlobalSection
	GlobalSection(ExtensibilityGlobals) = postSolution
		SolutionGuid = {4A60871C-1033-4629-B7B2-25204D3417B3}
	EndGlobalSection
EndGlobal
